// !$*UTF8*$!
{
	archiveVersion = 1;
	classes = {
	};
	objectVersion = 46;
	objects = {

/* Begin PBXBuildFile section */
		65633CB81CA7AB9F0042FE05 /* main.swift in Sources */ = {isa = PBXBuildFile; fileRef = 65633CB71CA7AB9F0042FE05 /* main.swift */; };
/* End PBXBuildFile section */

/* Begin PBXCopyFilesBuildPhase section */
		65633CB21CA7AB9F0042FE05 /* CopyFiles */ = {
			isa = PBXCopyFilesBuildPhase;
			buildActionMask = 2147483647;
			dstPath = /usr/share/man/man1/;
			dstSubfolderSpec = 0;
			files = (
			);
			runOnlyForDeploymentPostprocessing = 1;
		};
/* End PBXCopyFilesBuildPhase section */

/* Begin PBXFileReference section */
		65633CB41CA7AB9F0042FE05 /* SetupXcodeDerivedDataRamDisk */ = {isa = PBXFileReference; explicitFileType = "compiled.mach-o.executable"; includeInIndex = 0; path = SetupXcodeDerivedDataRamDisk; sourceTree = BUILT_PRODUCTS_DIR; };
		65633CB71CA7AB9F0042FE05 /* main.swift */ = {isa = PBXFileReference; lastKnownFileType = sourcecode.swift; path = main.swift; sourceTree = "<group>"; };
/* End PBXFileReference section */

/* Begin PBXFrameworksBuildPhase section */
		65633CB11CA7AB9F0042FE05 /* Frameworks */ = {
			isa = PBXFrameworksBuildPhase;
			buildActionMask = 2147483647;
			files = (
			);
			runOnlyForDeploymentPostprocessing = 0;
		};
/* End PBXFrameworksBuildPhase section */

/* Begin PBXGroup section */
		65633CAB1CA7AB9F0042FE05 = {
			isa = PBXGroup;
			children = (
				65633CB61CA7AB9F0042FE05 /* SetupXcodeDerivedDataRamDisk */,
				65633CB51CA7AB9F0042FE05 /* Products */,
			);
			sourceTree = "<group>";
		};
		65633CB51CA7AB9F0042FE05 /* Products */ = {
			isa = PBXGroup;
			children = (
				65633CB41CA7AB9F0042FE05 /* SetupXcodeDerivedDataRamDisk */,
			);
			name = Products;
			sourceTree = "<group>";
		};
		65633CB61CA7AB9F0042FE05 /* SetupXcodeDerivedDataRamDisk */ = {
			isa = PBXGroup;
			children = (
				65633CB71CA7AB9F0042FE05 /* main.swift */,
			);
			path = SetupXcodeDerivedDataRamDisk;
			sourceTree = "<group>";
		};
/* End PBXGroup section */

/* Begin PBXNativeTarget section */
		65633CB31CA7AB9F0042FE05 /* SetupXcodeDerivedDataRamDisk */ = {
			isa = PBXNativeTarget;
			buildConfigurationList = 65633CBB1CA7AB9F0042FE05 /* Build configuration list for PBXNativeTarget "SetupXcodeDerivedDataRamDisk" */;
			buildPhases = (
				65633CB01CA7AB9F0042FE05 /* Sources */,
				65633CB11CA7AB9F0042FE05 /* Frameworks */,
				65633CB21CA7AB9F0042FE05 /* CopyFiles */,
			);
			buildRules = (
			);
			dependencies = (
			);
			name = SetupXcodeDerivedDataRamDisk;
			productName = SetupXcodeDerivedDataRamDisk;
			productReference = 65633CB41CA7AB9F0042FE05 /* SetupXcodeDerivedDataRamDisk */;
			productType = "com.apple.product-type.tool";
		};
/* End PBXNativeTarget section */

/* Begin PBXProject section */
		65633CAC1CA7AB9F0042FE05 /* Project object */ = {
			isa = PBXProject;
			attributes = {
				LastSwiftUpdateCheck = 0730;
				LastUpgradeCheck = 0800;
				ORGANIZATIONNAME = ikiApps;
				TargetAttributes = {
					65633CB31CA7AB9F0042FE05 = {
						CreatedOnToolsVersion = 7.3;
					};
				};
			};
			buildConfigurationList = 65633CAF1CA7AB9F0042FE05 /* Build configuration list for PBXProject "SetupXcodeDerivedDataRamDisk" */;
			compatibilityVersion = "Xcode 3.2";
			developmentRegion = English;
			hasScannedForEncodings = 0;
			knownRegions = (
				en,
			);
			mainGroup = 65633CAB1CA7AB9F0042FE05;
			productRefGroup = 65633CB51CA7AB9F0042FE05 /* Products */;
			projectDirPath = "";
			projectRoot = "";
			targets = (
				65633CB31CA7AB9F0042FE05 /* SetupXcodeDerivedDataRamDisk */,
			);
		};
/* End PBXProject section */

/* Begin PBXSourcesBuildPhase section */
		65633CB01CA7AB9F0042FE05 /* Sources */ = {
			isa = PBXSourcesBuildPhase;
			buildActionMask = 2147483647;
			files = (
				65633CB81CA7AB9F0042FE05 /* main.swift in Sources */,
			);
			runOnlyForDeploymentPostprocessing = 0;
		};
/* End PBXSourcesBuildPhase section */

/* Begin XCBuildConfiguration section */
		65633CB91CA7AB9F0042FE05 /* Debug */ = {
			isa = XCBuildConfiguration;
			buildSettings = {
				ALWAYS_SEARCH_USER_PATHS = NO;
				CLANG_ANALYZER_NONNULL = YES;
				CLANG_CXX_LANGUAGE_STANDARD = "gnu++0x";
				CLANG_CXX_LIBRARY = "libc++";
				CLANG_ENABLE_MODULES = YES;
				CLANG_ENABLE_OBJC_ARC = YES;
				CLANG_WARN_BOOL_CONVERSION = YES;
				CLANG_WARN_CONSTANT_CONVERSION = YES;
				CLANG_WARN_DIRECT_OBJC_ISA_USAGE = YES_ERROR;
				CLANG_WARN_EMPTY_BODY = YES;
				CLANG_WARN_ENUM_CONVERSION = YES;
				CLANG_WARN_INFINITE_RECURSION = YES;
				CLANG_WARN_INT_CONVERSION = YES;
				CLANG_WARN_OBJC_ROOT_CLASS = YES_ERROR;
				CLANG_WARN_SUSPICIOUS_MOVE = YES;
				CLANG_WARN_UNREACHABLE_CODE = YES;
				CLANG_WARN__DUPLICATE_METHOD_MATCH = YES;
				CODE_SIGN_IDENTITY = "-";
				COPY_PHASE_STRIP = NO;
				DEBUG_INFORMATION_FORMAT = dwarf;
				ENABLE_STRICT_OBJC_MSGSEND = YES;
				ENABLE_TESTABILITY = YES;
				GCC_C_LANGUAGE_STANDARD = gnu99;
				GCC_DYNAMIC_NO_PIC = NO;
				GCC_NO_COMMON_BLOCKS = YES;
				GCC_OPTIMIZATION_LEVEL = 0;
				GCC_PREPROCESSOR_DEFINITIONS = (
					"DEBUG=1",
					"$(inherited)",
				);
				GCC_WARN_64_TO_32_BIT_CONVERSION = YES;
				GCC_WARN_ABOUT_RETURN_TYPE = YES_ERROR;
				GCC_WARN_UNDECLARED_SELECTOR = YES;
				GCC_WARN_UNINITIALIZED_AUTOS = YES_AGGRESSIVE;
				GCC_WARN_UNUSED_FUNCTION = YES;
				GCC_WARN_UNUSED_VARIABLE = YES;
				MACOSX_DEPLOYMENT_TARGET = 10.11;
				MTL_ENABLE_DEBUG_INFO = YES;
				ONLY_ACTIVE_ARCH = YES;
				SDKROOT = macosx;
				SWIFT_OPTIMIZATION_LEVEL = "-Onone";
				SWIFT_VERSION = 3.0;
			};
			name = Debug;
		};
		65633CBA1CA7AB9F0042FE05 /* Release */ = {
			isa = XCBuildConfiguration;
			buildSettings = {
				ALWAYS_SEARCH_USER_PATHS = NO;
				CLANG_ANALYZER_NONNULL = YES;
				CLANG_CXX_LANGUAGE_STANDARD = "gnu++0x";
				CLANG_CXX_LIBRARY = "libc++";
				CLANG_ENABLE_MODULES = YES;
				CLANG_ENABLE_OBJC_ARC = YES;
				CLANG_WARN_BOOL_CONVERSION = YES;
				CLANG_WARN_CONSTANT_CONVERSION = YES;
				CLANG_WARN_DIRECT_OBJC_ISA_USAGE = YES_ERROR;
				CLANG_WARN_EMPTY_BODY = YES;
				CLANG_WARN_ENUM_CONVERSION = YES;
				CLANG_WARN_INFINITE_RECURSION = YES;
				CLANG_WARN_INT_CONVERSION = YES;
				CLANG_WARN_OBJC_ROOT_CLASS = YES_ERROR;
				CLANG_WARN_SUSPICIOUS_MOVE = YES;
				CLANG_WARN_UNREACHABLE_CODE = YES;
				CLANG_WARN__DUPLICATE_METHOD_MATCH = YES;
				CODE_SIGN_IDENTITY = "-";
				COPY_PHASE_STRIP = NO;
				DEBUG_INFORMATION_FORMAT = "dwarf-with-dsym";
				ENABLE_NS_ASSERTIONS = NO;
				ENABLE_STRICT_OBJC_MSGSEND = YES;
				GCC_C_LANGUAGE_STANDARD = gnu99;
				GCC_NO_COMMON_BLOCKS = YES;
				GCC_WARN_64_TO_32_BIT_CONVERSION = YES;
				GCC_WARN_ABOUT_RETURN_TYPE = YES_ERROR;
				GCC_WARN_UNDECLARED_SELECTOR = YES;
				GCC_WARN_UNINITIALIZED_AUTOS = YES_AGGRESSIVE;
				GCC_WARN_UNUSED_FUNCTION = YES;
				GCC_WARN_UNUSED_VARIABLE = YES;
				MACOSX_DEPLOYMENT_TARGET = 10.11;
				MTL_ENABLE_DEBUG_INFO = NO;
				SDKROOT = macosx;
				SWIFT_OPTIMIZATION_LEVEL = "-Owholemodule";
				SWIFT_VERSION = 3.0;
			};
			name = Release;
		};
		65633CBC1CA7AB9F0042FE05 /* Debug */ = {
			isa = XCBuildConfiguration;
			buildSettings = {
				PRODUCT_NAME = "$(TARGET_NAME)";
			};
			name = Debug;
		};
		65633CBD1CA7AB9F0042FE05 /* Release */ = {
			isa = XCBuildConfiguration;
			buildSettings = {
				PRODUCT_NAME = "$(TARGET_NAME)";
			};
			name = Release;
		};
/* End XCBuildConfiguration section */

/* Begin XCConfigurationList section */
		65633CAF1CA7AB9F0042FE05 /* Build configuration list for PBXProject "SetupXcodeDerivedDataRamDisk" */ = {
			isa = XCConfigurationList;
			buildConfigurations = (
				65633CB91CA7AB9F0042FE05 /* Debug */,
				65633CBA1CA7AB9F0042FE05 /* Release */,
			);
			defaultConfigurationIsVisible = 0;
			defaultConfigurationName = Release;
		};
		65633CBB1CA7AB9F0042FE05 /* Build configuration list for PBXNativeTarget "SetupXcodeDerivedDataRamDisk" */ = {
			isa = XCConfigurationList;
			buildConfigurations = (
				65633CBC1CA7AB9F0042FE05 /* Debug */,
				65633CBD1CA7AB9F0042FE05 /* Release */,
			);
			defaultConfigurationIsVisible = 0;
			defaultConfigurationName = Release;
		};
/* End XCConfigurationList section */
	};
	rootObject = 65633CAC1CA7AB9F0042FE05 /* Project object */;
}
